{
  "name": "todolist",
  "lockfileVersion": 2,
  "requires": true,
  "packages": {
    "": {
      "name": "todolist",
      "workspaces": [
        "packages/*",
        "packages/plugins/*"
      ]
    },
    "node_modules/@todolist/plugin-todo": {
      "resolved": "packages/plugins/todo",
      "link": true
    },
    "node_modules/@todolist/plugin-ui-core": {
      "resolved": "packages/plugins/ui-core",
      "link": true
    },
    "node_modules/@types/node": {
      "version": "17.0.23",
      "resolved": "https://registry.npmjs.org/@types/node/-/node-17.0.23.tgz",
      "integrity": "sha512-UxDxWn7dl97rKVeVS61vErvw086aCYhDLyvRQZ5Rk65rZKepaFdm53GeqXaKBuOhED4e9uWq34IC3TdSdJJ2Gw=="
    },
    "packages/plugins/todo": {
      "name": "@todolist/plugin-todo",
      "version": "0.0.1",
      "dependencies": {
        "@todolist/plugin-ui-core": "^0.0.1"
      }
    },
    "packages/plugins/ui-core": {
      "name": "@todolist/plugin-ui-core",
      "version": "0.0.1",
      "dependencies": {
        "@types/node": "^17.0.23"
      }
    }
  },
  "dependencies": {
    "@todolist/plugin-todo": {
      "version": "file:packages/plugins/todo",
      "requires": {
        "@todolist/plugin-ui-core": "^0.0.1"
      }
    },
    "@todolist/plugin-ui-core": {
      "version": "file:packages/plugins/ui-core",
      "requires": {
        "@types/node": "*"
      }
    },
    "@types/node": {
      "version": "17.0.23",
      "resolved": "https://registry.npmjs.org/@types/node/-/node-17.0.23.tgz",
      "integrity": "sha512-UxDxWn7dl97rKVeVS61vErvw086aCYhDLyvRQZ5Rk65rZKepaFdm53GeqXaKBuOhED4e9uWq34IC3TdSdJJ2Gw=="
    }
  }
}
